
Microsoft Visual Studio Solution File, Format Version 12.00
# Visual Studio Version 17
VisualStudioVersion = 17.11.35327.3
MinimumVisualStudioVersion = 10.0.40219.1
Project("{FAE04EC0-301F-11D3-BF4B-00C04F79EFBC}") = "up_wpf", "up_wpf\up_wpf.csproj", "{9F6F435F-A833-4434-9495-59D70957AE59}"
EndProject
Global
	GlobalSection(SolutionConfigurationPlatforms) = preSolution
		Debug|Any CPU = Debug|Any CPU
		Release|Any CPU = Release|Any CPU
	EndGlobalSection
	GlobalSection(ProjectConfigurationPlatforms) = postSolution
		{9F6F435F-A833-4434-9495-59D70957AE59}.Debug|Any CPU.ActiveCfg = Debug|Any CPU
		{9F6F435F-A833-4434-9495-59D70957AE59}.Debug|Any CPU.Build.0 = Debug|Any CPU
		{9F6F435F-A833-4434-9495-59D70957AE59}.Release|Any CPU.ActiveCfg = Release|Any CPU
		{9F6F435F-A833-4434-9495-59D70957AE59}.Release|Any CPU.Build.0 = Release|Any CPU
	EndGlobalSection
	GlobalSection(SolutionProperties) = preSolution
		HideSolutionNode = FALSE
	EndGlobalSection
	GlobalSection(ExtensibilityGlobals) = postSolution
		SolutionGuid = {9CE4C92B-7E4D-408E-9CB4-F35F8F29C2F8}
	EndGlobalSection
EndGlobal
